{
  "name": "ppx_let_promise",
  "version": "1.0.0",
  "lockfileVersion": 1,
  "dependencies": {
    "bs-platform": {
      "version": "1.8.0",
      "resolved": "https://registry.npmjs.org/bs-platform/-/bs-platform-1.8.0.tgz",
      "integrity": "sha1-03b1+i6/4ERRkwYz8HM/guo5+94=",
      "dev": true
    }
  }
}
